{
    "_readme": [
        "This file locks the dependencies of your project to a known state",
        "Read more about it at https://getcomposer.org/doc/01-basic-usage.md#composer-lock-the-lock-file",
        "This file is @generated automatically"
    ],
    "hash": "4b2026967d9c5f10eebae8f85e1ae3a5",
    "content-hash": "9110a0ae1858e468bf718da3ca1369a3",
    "packages": [
        {
            "name": "respect/validation",
            "version": "0.6.1",
            "source": {
                "type": "git",
                "url": "https://github.com/Respect/Validation.git",
                "reference": "4b9856c11f893954b7c822cbb5dfb75c468e7827"
            },
            "dist": {
                "type": "zip",
                "url": "https://api.github.com/repos/Respect/Validation/zipball/4b9856c11f893954b7c822cbb5dfb75c468e7827",
                "reference": "4b9856c11f893954b7c822cbb5dfb75c468e7827",
                "shasum": ""
            },
            "require-dev": {
                "phpunit/phpunit": "~4.0",
                "symfony/validator": "~2.1",
                "zendframework/zend-validator": "~2.0"
            },
            "suggest": {
                "ext-bcmath": "Arbitrary Precision Mathematics",
                "ext-mbstring": "Multibyte String Functions"
            },
            "type": "library",
            "autoload": {
                "psr-0": {
                    "Respect\\Validation": "library/"
                }
            },
            "notification-url": "https://packagist.org/downloads/",
            "license": [
                "BSD Style"
            ],
            "authors": [
                {
                    "name": "Respect/Validation Contributors",
                    "homepage": "https://github.com/Respect/Validation/graphs/contributors"
                }
            ],
            "description": "The most awesome validation engine ever created for PHP",
            "homepage": "http://respect.li",
            "keywords": [
                "respect",
                "validation",
                "validator"
            ],
            "time": "2014-07-11 06:35:17"
        },
        {
            "name": "robmorgan/phinx",
            "version": "v0.4.6",
            "source": {
                "type": "git",
                "url": "https://github.com/robmorgan/phinx.git",
                "reference": "1351ca36dd2419d7de02afd1aaa415929112d7f1"
            },
            "dist": {
                "type": "zip",
                "url": "https://api.github.com/repos/robmorgan/phinx/zipball/1351ca36dd2419d7de02afd1aaa415929112d7f1",
                "reference": "1351ca36dd2419d7de02afd1aaa415929112d7f1",
                "shasum": ""
            },
            "require": {
                "php": ">=5.3.2",
                "symfony/config": "~2.7",
                "symfony/console": "~2.7",
                "symfony/yaml": "~2.7"
            },
            "require-dev": {
                "phpunit/phpunit": "3.7.*",
                "squizlabs/php_codesniffer": "dev-phpcs-fixer"
            },
            "bin": [
                "bin/phinx"
            ],
            "type": "library",
            "autoload": {
                "psr-4": {
                    "Phinx\\": "src/Phinx"
                }
            },
            "notification-url": "https://packagist.org/downloads/",
            "license": [
                "MIT"
            ],
            "authors": [
                {
                    "name": "Rob Morgan",
                    "email": "robbym@gmail.com",
                    "homepage": "http://robmorgan.id.au",
                    "role": "Lead Developer"
                },
                {
                    "name": "Woody Gilk",
                    "email": "woody.gilk@gmail.com",
                    "homepage": "http://shadowhand.me",
                    "role": "Developer"
                }
            ],
            "description": "Phinx makes it ridiculously easy to manage the database migrations for your PHP app.",
            "homepage": "https://phinx.org",
            "keywords": [
                "database",
                "database migrations",
                "db",
                "migrations",
                "phinx"
            ],
            "time": "2015-09-11 15:44:41"
        },
        {
            "name": "simplon/error",
            "version": "0.3.6",
            "source": {
                "type": "git",
                "url": "https://github.com/fightbulc/simplon_error.git",
                "reference": "53065fa33a36306e3efd40ef671e1361c165181a"
            },
            "dist": {
                "type": "zip",
                "url": "https://api.github.com/repos/fightbulc/simplon_error/zipball/53065fa33a36306e3efd40ef671e1361c165181a",
                "reference": "53065fa33a36306e3efd40ef671e1361c165181a",
                "shasum": ""
            },
            "require": {
                "php": ">=5.4"
            },
            "type": "library",
            "autoload": {
                "psr-4": {
                    "Simplon\\Error\\": "src/"
                }
            },
            "notification-url": "https://packagist.org/downloads/",
            "license": [
                "MIT"
            ],
            "authors": [
                {
                    "name": "Tino Ehrich",
                    "email": "tino@bigpun.me",
                    "role": "developer"
                }
            ],
            "description": "Graceful error handling",
            "homepage": "https://github.com/fightbulc/simplon_error",
            "keywords": [
                "error",
                "graceful",
                "handling",
                "response"
            ],
            "time": "2015-09-26 18:55:27"
        },
        {
            "name": "simplon/form",
            "version": "0.6.6",
            "source": {
                "type": "git",
                "url": "https://github.com/fightbulc/simplon_form.git",
                "reference": "5cdfd15f252086f14da1c6a0ebc9f9dbec1d1926"
            },
            "dist": {
                "type": "zip",
                "url": "https://api.github.com/repos/fightbulc/simplon_form/zipball/5cdfd15f252086f14da1c6a0ebc9f9dbec1d1926",
                "reference": "5cdfd15f252086f14da1c6a0ebc9f9dbec1d1926",
                "shasum": ""
            },
            "require": {
                "php": ">=5.4",
                "respect/validation": "0.6.*",
                "simplon/mustache": "0.1.*",
                "simplon/phtml": "0.1.*"
            },
            "type": "library",
            "autoload": {
                "psr-4": {
                    "Simplon\\Form\\": "src/"
                }
            },
            "notification-url": "https://packagist.org/downloads/",
            "license": [
                "MIT"
            ],
            "authors": [
                {
                    "name": "Tino Ehrich",
                    "email": "tino@bigpun.me",
                    "role": "developer"
                }
            ],
            "description": "Easy form building, validation and follow-up callbacks",
            "homepage": "https://github.com/fightbulc/simplon_form",
            "keywords": [
                "callbacks",
                "fields",
                "flexibility",
                "form",
                "mustache",
                "phtml",
                "validation"
            ],
            "time": "2015-09-12 11:02:28"
        },
        {
            "name": "simplon/locale",
            "version": "0.2.0",
            "source": {
                "type": "git",
                "url": "https://github.com/fightbulc/simplon_locale.git",
                "reference": "c4e266aa4834e6e8c533e34bb96e2bea7dafa051"
            },
            "dist": {
                "type": "zip",
                "url": "https://api.github.com/repos/fightbulc/simplon_locale/zipball/c4e266aa4834e6e8c533e34bb96e2bea7dafa051",
                "reference": "c4e266aa4834e6e8c533e34bb96e2bea7dafa051",
                "shasum": ""
            },
            "require": {
                "php": ">=5.4"
            },
            "type": "library",
            "autoload": {
                "psr-4": {
                    "Simplon\\Locale\\": "src/"
                }
            },
            "notification-url": "https://packagist.org/downloads/",
            "license": [
                "MIT"
            ],
            "authors": [
                {
                    "name": "Tino Ehrich",
                    "email": "tino@bigpun.me",
                    "role": "developer"
                }
            ],
            "description": "Simple, straight forward locale reader",
            "homepage": "https://github.com/fightbulc/simplon_locale",
            "keywords": [
                "i18n",
                "locales",
                "reader"
            ],
            "time": "2015-10-18 12:12:02"
        },
        {
            "name": "simplon/mustache",
            "version": "0.1.14",
            "source": {
                "type": "git",
                "url": "https://github.com/fightbulc/simplon_mustache.git",
                "reference": "00d95584b4bf8e64e1c3974966dbd13cabc7fe2c"
            },
            "dist": {
                "type": "zip",
                "url": "https://api.github.com/repos/fightbulc/simplon_mustache/zipball/00d95584b4bf8e64e1c3974966dbd13cabc7fe2c",
                "reference": "00d95584b4bf8e64e1c3974966dbd13cabc7fe2c",
                "shasum": ""
            },
            "require": {
                "php": ">=5.4"
            },
            "type": "library",
            "autoload": {
                "psr-4": {
                    "Simplon\\Mustache\\": "src/"
                }
            },
            "notification-url": "https://packagist.org/downloads/",
            "license": [
                "MIT"
            ],
            "authors": [
                {
                    "name": "Tino Ehrich",
                    "email": "tino@bigpun.me",
                    "role": "developer"
                }
            ],
            "description": "Lightweight & fast implementation of Mustache - Logic-less templates.",
            "homepage": "https://github.com/fightbulc/simplon_mustache",
            "keywords": [
                "fast",
                "leightweight",
                "less",
                "logic",
                "logic-less",
                "mustache",
                "template"
            ],
            "time": "2015-02-07 21:44:54"
        },
        {
            "name": "simplon/mysql",
            "version": "1.0.3",
            "source": {
                "type": "git",
                "url": "https://github.com/fightbulc/simplon_mysql.git",
                "reference": "7f68dac98ba23e2182194e74a44b7aeb63ea3e26"
            },
            "dist": {
                "type": "zip",
                "url": "https://api.github.com/repos/fightbulc/simplon_mysql/zipball/7f68dac98ba23e2182194e74a44b7aeb63ea3e26",
                "reference": "7f68dac98ba23e2182194e74a44b7aeb63ea3e26",
                "shasum": ""
            },
            "require": {
                "ext-pdo": "*",
                "php": ">=5.4"
            },
            "type": "library",
            "autoload": {
                "psr-4": {
                    "Simplon\\Mysql\\": "src/"
                }
            },
            "notification-url": "https://packagist.org/downloads/",
            "license": [
                "MIT"
            ],
            "authors": [
                {
                    "name": "Tino Ehrich",
                    "email": "tino@bigpun.me",
                    "role": "developer"
                }
            ],
            "description": "Simplon MySQL Library",
            "homepage": "https://github.com/fightbulc/simplon_mysql",
            "keywords": [
                "db",
                "manager",
                "mysql",
                "pdo"
            ],
            "time": "2015-10-09 11:36:17"
        },
        {
            "name": "simplon/phtml",
            "version": "0.1.1",
            "source": {
                "type": "git",
                "url": "https://github.com/fightbulc/simplon_phtml.git",
                "reference": "acf6fd9c5b70df26bb1659770ca13a6084c1ad2a"
            },
            "dist": {
                "type": "zip",
                "url": "https://api.github.com/repos/fightbulc/simplon_phtml/zipball/acf6fd9c5b70df26bb1659770ca13a6084c1ad2a",
                "reference": "acf6fd9c5b70df26bb1659770ca13a6084c1ad2a",
                "shasum": ""
            },
            "require": {
                "php": ">=5.4"
            },
            "type": "library",
            "autoload": {
                "psr-4": {
                    "Simplon\\Phtml\\": "src/"
                }
            },
            "notification-url": "https://packagist.org/downloads/",
            "license": [
                "MIT"
            ],
            "authors": [
                {
                    "name": "Tino Ehrich",
                    "email": "tino@bigpun.me",
                    "role": "developer"
                }
            ],
            "description": "Simple, straight forward implementation of php templates.",
            "homepage": "https://github.com/fightbulc/simplon_phtml",
            "keywords": [
                "php",
                "phtml",
                "template"
            ],
            "time": "2014-11-15 12:29:39"
        },
        {
            "name": "simplon/request",
            "version": "1.0.0",
            "source": {
                "type": "git",
                "url": "https://github.com/fightbulc/simplon_request.git",
                "reference": "ac94aa6b018d094295fcc1a3ff8998c7fcb76384"
            },
            "dist": {
                "type": "zip",
                "url": "https://api.github.com/repos/fightbulc/simplon_request/zipball/ac94aa6b018d094295fcc1a3ff8998c7fcb76384",
                "reference": "ac94aa6b018d094295fcc1a3ff8998c7fcb76384",
                "shasum": ""
            },
            "require": {
                "php": ">=5.4"
            },
            "type": "library",
            "autoload": {
                "psr-4": {
                    "Simplon\\Request\\": "src/"
                }
            },
            "notification-url": "https://packagist.org/downloads/",
            "license": [
                "MIT"
            ],
            "authors": [
                {
                    "name": "Tino Ehrich",
                    "email": "tino@bigpun.me",
                    "role": "developer"
                }
            ],
            "description": "Simple, straight forward request helper",
            "homepage": "https://github.com/fightbulc/simplon_request",
            "keywords": [
                "auth",
                "curl",
                "get",
                "jsonrpc",
                "post",
                "request"
            ],
            "time": "2015-09-26 00:40:57"
        },
        {
            "name": "simplon/template",
            "version": "0.6.0",
            "source": {
                "type": "git",
                "url": "https://github.com/fightbulc/simplon_template.git",
                "reference": "49852bb2baf8083ef28019adee71c182d429fa2a"
            },
            "dist": {
                "type": "zip",
                "url": "https://api.github.com/repos/fightbulc/simplon_template/zipball/49852bb2baf8083ef28019adee71c182d429fa2a",
                "reference": "49852bb2baf8083ef28019adee71c182d429fa2a",
                "shasum": ""
            },
            "require": {
                "php": ">=5.4",
                "simplon/mustache": "0.1.*",
                "simplon/phtml": "0.1.*"
            },
            "type": "library",
            "autoload": {
                "psr-4": {
                    "Simplon\\Template\\": "src/"
                }
            },
            "notification-url": "https://packagist.org/downloads/",
            "license": [
                "MIT"
            ],
            "authors": [
                {
                    "name": "Tino Ehrich",
                    "email": "tino@bigpun.me",
                    "role": "developer"
                }
            ],
            "description": "Simple templating solution w/ assets handling (mustache, phtml, assets)",
            "homepage": "https://github.com/fightbulc/simplon_template",
            "keywords": [
                "fast",
                "lightweight",
                "mustache",
                "phtml",
                "templates"
            ],
            "time": "2015-09-26 18:55:59"
        },
        {
            "name": "symfony/config",
            "version": "v2.7.5",
            "source": {
                "type": "git",
                "url": "https://github.com/symfony/config.git",
                "reference": "9698fdf0a750d6887d5e7729d5cf099765b20e61"
            },
            "dist": {
                "type": "zip",
                "url": "https://api.github.com/repos/symfony/config/zipball/9698fdf0a750d6887d5e7729d5cf099765b20e61",
                "reference": "9698fdf0a750d6887d5e7729d5cf099765b20e61",
                "shasum": ""
            },
            "require": {
                "php": ">=5.3.9",
                "symfony/filesystem": "~2.3"
            },
            "require-dev": {
                "symfony/phpunit-bridge": "~2.7"
            },
            "type": "library",
            "extra": {
                "branch-alias": {
                    "dev-master": "2.7-dev"
                }
            },
            "autoload": {
                "psr-4": {
                    "Symfony\\Component\\Config\\": ""
                }
            },
            "notification-url": "https://packagist.org/downloads/",
            "license": [
                "MIT"
            ],
            "authors": [
                {
                    "name": "Fabien Potencier",
                    "email": "fabien@symfony.com"
                },
                {
                    "name": "Symfony Community",
                    "homepage": "https://symfony.com/contributors"
                }
            ],
            "description": "Symfony Config Component",
            "homepage": "https://symfony.com",
            "time": "2015-09-21 15:02:29"
        },
        {
            "name": "symfony/console",
            "version": "v2.7.5",
            "source": {
                "type": "git",
                "url": "https://github.com/symfony/console.git",
                "reference": "06cb17c013a82f94a3d840682b49425cd00a2161"
            },
            "dist": {
                "type": "zip",
                "url": "https://api.github.com/repos/symfony/console/zipball/06cb17c013a82f94a3d840682b49425cd00a2161",
                "reference": "06cb17c013a82f94a3d840682b49425cd00a2161",
                "shasum": ""
            },
            "require": {
                "php": ">=5.3.9"
            },
            "require-dev": {
                "psr/log": "~1.0",
                "symfony/event-dispatcher": "~2.1",
                "symfony/phpunit-bridge": "~2.7",
                "symfony/process": "~2.1"
            },
            "suggest": {
                "psr/log": "For using the console logger",
                "symfony/event-dispatcher": "",
                "symfony/process": ""
            },
            "type": "library",
            "extra": {
                "branch-alias": {
                    "dev-master": "2.7-dev"
                }
            },
            "autoload": {
                "psr-4": {
                    "Symfony\\Component\\Console\\": ""
                }
            },
            "notification-url": "https://packagist.org/downloads/",
            "license": [
                "MIT"
            ],
            "authors": [
                {
                    "name": "Fabien Potencier",
                    "email": "fabien@symfony.com"
                },
                {
                    "name": "Symfony Community",
                    "homepage": "https://symfony.com/contributors"
                }
            ],
            "description": "Symfony Console Component",
            "homepage": "https://symfony.com",
            "time": "2015-09-25 08:32:23"
        },
        {
            "name": "symfony/filesystem",
            "version": "v2.7.5",
            "source": {
                "type": "git",
                "url": "https://github.com/symfony/filesystem.git",
                "reference": "a17f8a17c20e8614c15b8e116e2f4bcde102cfab"
            },
            "dist": {
                "type": "zip",
                "url": "https://api.github.com/repos/symfony/filesystem/zipball/a17f8a17c20e8614c15b8e116e2f4bcde102cfab",
                "reference": "a17f8a17c20e8614c15b8e116e2f4bcde102cfab",
                "shasum": ""
            },
            "require": {
                "php": ">=5.3.9"
            },
            "require-dev": {
                "symfony/phpunit-bridge": "~2.7"
            },
            "type": "library",
            "extra": {
                "branch-alias": {
                    "dev-master": "2.7-dev"
                }
            },
            "autoload": {
                "psr-4": {
                    "Symfony\\Component\\Filesystem\\": ""
                }
            },
            "notification-url": "https://packagist.org/downloads/",
            "license": [
                "MIT"
            ],
            "authors": [
                {
                    "name": "Fabien Potencier",
                    "email": "fabien@symfony.com"
                },
                {
                    "name": "Symfony Community",
                    "homepage": "https://symfony.com/contributors"
                }
            ],
            "description": "Symfony Filesystem Component",
            "homepage": "https://symfony.com",
            "time": "2015-09-09 17:42:36"
        },
        {
            "name": "symfony/yaml",
            "version": "v2.7.5",
            "source": {
                "type": "git",
                "url": "https://github.com/symfony/yaml.git",
                "reference": "31cb2ad0155c95b88ee55fe12bc7ff92232c1770"
            },
            "dist": {
                "type": "zip",
                "url": "https://api.github.com/repos/symfony/yaml/zipball/31cb2ad0155c95b88ee55fe12bc7ff92232c1770",
                "reference": "31cb2ad0155c95b88ee55fe12bc7ff92232c1770",
                "shasum": ""
            },
            "require": {
                "php": ">=5.3.9"
            },
            "require-dev": {
                "symfony/phpunit-bridge": "~2.7"
            },
            "type": "library",
            "extra": {
                "branch-alias": {
                    "dev-master": "2.7-dev"
                }
            },
            "autoload": {
                "psr-4": {
                    "Symfony\\Component\\Yaml\\": ""
                }
            },
            "notification-url": "https://packagist.org/downloads/",
            "license": [
                "MIT"
            ],
            "authors": [
                {
                    "name": "Fabien Potencier",
                    "email": "fabien@symfony.com"
                },
                {
                    "name": "Symfony Community",
                    "homepage": "https://symfony.com/contributors"
                }
            ],
            "description": "Symfony Yaml Component",
            "homepage": "https://symfony.com",
            "time": "2015-09-14 14:14:09"
        }
    ],
    "packages-dev": [],
    "aliases": [],
    "minimum-stability": "stable",
    "stability-flags": [],
    "prefer-stable": false,
    "prefer-lowest": false,
    "platform": {
        "php": ">=5.6"
    },
    "platform-dev": []
}
